
Microsoft Visual Studio Solution File, Format Version 12.00
Project("{FAE04EC0-301F-11D3-BF4B-00C04F79EFBC}") = "game-2048", "game-2048\game-2048.csproj", "{964137EB-C32D-4700-88D5-A8AD169C97A8}"
EndProject
Global
	GlobalSection(SolutionConfigurationPlatforms) = preSolution
		Debug|Any CPU = Debug|Any CPU
		Release|Any CPU = Release|Any CPU
	EndGlobalSection
	GlobalSection(ProjectConfigurationPlatforms) = postSolution
		{964137EB-C32D-4700-88D5-A8AD169C97A8}.Debug|Any CPU.ActiveCfg = Debug|Any CPU
		{964137EB-C32D-4700-88D5-A8AD169C97A8}.Debug|Any CPU.Build.0 = Debug|Any CPU
		{964137EB-C32D-4700-88D5-A8AD169C97A8}.Release|Any CPU.ActiveCfg = Release|Any CPU
		{964137EB-C32D-4700-88D5-A8AD169C97A8}.Release|Any CPU.Build.0 = Release|Any CPU
	EndGlobalSection
EndGlobal
